
Microsoft Visual Studio Solution File, Format Version 12.00
# Visual Studio Version 17
VisualStudioVersion = 17.6.33829.357
MinimumVisualStudioVersion = 10.0.40219.1
Project("{FAE04EC0-301F-11D3-BF4B-00C04F79EFBC}") = "Formulario", "Formulario\Formulario.csproj", "{893E8702-0923-465E-8D29-BAE21408400A}"
EndProject
Global
	GlobalSection(SolutionConfigurationPlatforms) = preSolution
		Debug|Any CPU = Debug|Any CPU
		Release|Any CPU = Release|Any CPU
	EndGlobalSection
	GlobalSection(ProjectConfigurationPlatforms) = postSolution
		{893E8702-0923-465E-8D29-BAE21408400A}.Debug|Any CPU.ActiveCfg = Debug|Any CPU
		{893E8702-0923-465E-8D29-BAE21408400A}.Debug|Any CPU.Build.0 = Debug|Any CPU
		{893E8702-0923-465E-8D29-BAE21408400A}.Release|Any CPU.ActiveCfg = Release|Any CPU
		{893E8702-0923-465E-8D29-BAE21408400A}.Release|Any CPU.Build.0 = Release|Any CPU
	EndGlobalSection
	GlobalSection(SolutionProperties) = preSolution
		HideSolutionNode = FALSE
	EndGlobalSection
	GlobalSection(ExtensibilityGlobals) = postSolution
		SolutionGuid = {714C627E-5EBB-401A-8C28-99EA437117D4}
	EndGlobalSection
EndGlobal
